
Microsoft Visual Studio Solution File, Format Version 12.00
# Visual Studio Version 17
VisualStudioVersion = 17.9.34714.143
MinimumVisualStudioVersion = 10.0.40219.1
Project("{FAE04EC0-301F-11D3-BF4B-00C04F79EFBC}") = "Inventory.API", "Inventory.API.csproj", "{AEAC5201-D542-470C-81A9-C376216C9179}"
EndProject
Global
	GlobalSection(SolutionConfigurationPlatforms) = preSolution
		Debug|Any CPU = Debug|Any CPU
		Release|Any CPU = Release|Any CPU
	EndGlobalSection
	GlobalSection(ProjectConfigurationPlatforms) = postSolution
		{AEAC5201-D542-470C-81A9-C376216C9179}.Debug|Any CPU.ActiveCfg = Debug|Any CPU
		{AEAC5201-D542-470C-81A9-C376216C9179}.Debug|Any CPU.Build.0 = Debug|Any CPU
		{AEAC5201-D542-470C-81A9-C376216C9179}.Release|Any CPU.ActiveCfg = Release|Any CPU
		{AEAC5201-D542-470C-81A9-C376216C9179}.Release|Any CPU.Build.0 = Release|Any CPU
	EndGlobalSection
	GlobalSection(SolutionProperties) = preSolution
		HideSolutionNode = FALSE
	EndGlobalSection
	GlobalSection(ExtensibilityGlobals) = postSolution
		SolutionGuid = {1378098D-5A43-4D2C-B073-2FAD0B5A978E}
	EndGlobalSection
EndGlobal
